
Microsoft Visual Studio Solution File, Format Version 12.00
# Visual Studio Version 16
VisualStudioVersion = 16.0.31129.286
MinimumVisualStudioVersion = 10.0.40219.1
Project("{FAE04EC0-301F-11D3-BF4B-00C04F79EFBC}") = "Projeto-Teste", "Projeto-Teste\Projeto-Teste.csproj", "{65F14804-33FF-4C4D-A7F7-BCDB3FA24EFF}"
EndProject
Global
	GlobalSection(SolutionConfigurationPlatforms) = preSolution
		Debug|Any CPU = Debug|Any CPU
		Release|Any CPU = Release|Any CPU
	EndGlobalSection
	GlobalSection(ProjectConfigurationPlatforms) = postSolution
		{65F14804-33FF-4C4D-A7F7-BCDB3FA24EFF}.Debug|Any CPU.ActiveCfg = Debug|Any CPU
		{65F14804-33FF-4C4D-A7F7-BCDB3FA24EFF}.Debug|Any CPU.Build.0 = Debug|Any CPU
		{65F14804-33FF-4C4D-A7F7-BCDB3FA24EFF}.Release|Any CPU.ActiveCfg = Release|Any CPU
		{65F14804-33FF-4C4D-A7F7-BCDB3FA24EFF}.Release|Any CPU.Build.0 = Release|Any CPU
	EndGlobalSection
	GlobalSection(SolutionProperties) = preSolution
		HideSolutionNode = FALSE
	EndGlobalSection
	GlobalSection(ExtensibilityGlobals) = postSolution
		SolutionGuid = {EC74E4DD-CCF7-4136-81D8-815589BD051B}
	EndGlobalSection
EndGlobal
